
Microsoft Visual Studio Solution File, Format Version 12.00
# Visual Studio Version 16
VisualStudioVersion = 16.0.30804.86
MinimumVisualStudioVersion = 10.0.40219.1
Project("{FAE04EC0-301F-11D3-BF4B-00C04F79EFBC}") = "AsalSayilar", "AsalSayilar\AsalSayilar.csproj", "{3E561B06-163F-4A0B-98B6-AAC848BA7556}"
EndProject
Global
	GlobalSection(SolutionConfigurationPlatforms) = preSolution
		Debug|Any CPU = Debug|Any CPU
		Release|Any CPU = Release|Any CPU
	EndGlobalSection
	GlobalSection(ProjectConfigurationPlatforms) = postSolution
		{3E561B06-163F-4A0B-98B6-AAC848BA7556}.Debug|Any CPU.ActiveCfg = Debug|Any CPU
		{3E561B06-163F-4A0B-98B6-AAC848BA7556}.Debug|Any CPU.Build.0 = Debug|Any CPU
		{3E561B06-163F-4A0B-98B6-AAC848BA7556}.Release|Any CPU.ActiveCfg = Release|Any CPU
		{3E561B06-163F-4A0B-98B6-AAC848BA7556}.Release|Any CPU.Build.0 = Release|Any CPU
	EndGlobalSection
	GlobalSection(SolutionProperties) = preSolution
		HideSolutionNode = FALSE
	EndGlobalSection
	GlobalSection(ExtensibilityGlobals) = postSolution
		SolutionGuid = {B5DF97C7-EC23-47FF-ABF8-40FE5CFA9059}
	EndGlobalSection
EndGlobal
