
Microsoft Visual Studio Solution File, Format Version 12.00
# Visual Studio Version 16
VisualStudioVersion = 16.0.30804.86
MinimumVisualStudioVersion = 10.0.40219.1
Project("{FAE04EC0-301F-11D3-BF4B-00C04F79EFBC}") = "multipleForm", "multipleForm\multipleForm.csproj", "{38609D34-865D-4EDE-BEE9-2E662AC82FC9}"
EndProject
Global
	GlobalSection(SolutionConfigurationPlatforms) = preSolution
		Debug|Any CPU = Debug|Any CPU
		Release|Any CPU = Release|Any CPU
	EndGlobalSection
	GlobalSection(ProjectConfigurationPlatforms) = postSolution
		{38609D34-865D-4EDE-BEE9-2E662AC82FC9}.Debug|Any CPU.ActiveCfg = Debug|Any CPU
		{38609D34-865D-4EDE-BEE9-2E662AC82FC9}.Debug|Any CPU.Build.0 = Debug|Any CPU
		{38609D34-865D-4EDE-BEE9-2E662AC82FC9}.Release|Any CPU.ActiveCfg = Release|Any CPU
		{38609D34-865D-4EDE-BEE9-2E662AC82FC9}.Release|Any CPU.Build.0 = Release|Any CPU
	EndGlobalSection
	GlobalSection(SolutionProperties) = preSolution
		HideSolutionNode = FALSE
	EndGlobalSection
	GlobalSection(ExtensibilityGlobals) = postSolution
		SolutionGuid = {8FD4E0C6-E826-4EBB-84D1-8386145FFADC}
	EndGlobalSection
EndGlobal
