
Microsoft Visual Studio Solution File, Format Version 12.00
# Visual Studio Version 16
VisualStudioVersion = 16.0.30804.86
MinimumVisualStudioVersion = 10.0.40219.1
Project("{FAE04EC0-301F-11D3-BF4B-00C04F79EFBC}") = "SayiBulmacaOyunu", "SayiBulmacaOyunu\SayiBulmacaOyunu.csproj", "{79261D7E-CC95-4C15-B57B-2AE298EFA3F9}"
EndProject
Global
	GlobalSection(SolutionConfigurationPlatforms) = preSolution
		Debug|Any CPU = Debug|Any CPU
		Release|Any CPU = Release|Any CPU
	EndGlobalSection
	GlobalSection(ProjectConfigurationPlatforms) = postSolution
		{79261D7E-CC95-4C15-B57B-2AE298EFA3F9}.Debug|Any CPU.ActiveCfg = Debug|Any CPU
		{79261D7E-CC95-4C15-B57B-2AE298EFA3F9}.Debug|Any CPU.Build.0 = Debug|Any CPU
		{79261D7E-CC95-4C15-B57B-2AE298EFA3F9}.Release|Any CPU.ActiveCfg = Release|Any CPU
		{79261D7E-CC95-4C15-B57B-2AE298EFA3F9}.Release|Any CPU.Build.0 = Release|Any CPU
	EndGlobalSection
	GlobalSection(SolutionProperties) = preSolution
		HideSolutionNode = FALSE
	EndGlobalSection
	GlobalSection(ExtensibilityGlobals) = postSolution
		SolutionGuid = {23C06CDD-1DAB-4FCC-9ADC-918C1EB0DD1A}
	EndGlobalSection
EndGlobal
