
Microsoft Visual Studio Solution File, Format Version 12.00
# Visual Studio Version 16
VisualStudioVersion = 16.0.30804.86
MinimumVisualStudioVersion = 10.0.40219.1
Project("{FAE04EC0-301F-11D3-BF4B-00C04F79EFBC}") = "Operatorler", "Operatorler\Operatorler.csproj", "{CF100524-BA89-41A3-9E05-10A3643090CA}"
EndProject
Global
	GlobalSection(SolutionConfigurationPlatforms) = preSolution
		Debug|Any CPU = Debug|Any CPU
		Release|Any CPU = Release|Any CPU
	EndGlobalSection
	GlobalSection(ProjectConfigurationPlatforms) = postSolution
		{CF100524-BA89-41A3-9E05-10A3643090CA}.Debug|Any CPU.ActiveCfg = Debug|Any CPU
		{CF100524-BA89-41A3-9E05-10A3643090CA}.Debug|Any CPU.Build.0 = Debug|Any CPU
		{CF100524-BA89-41A3-9E05-10A3643090CA}.Release|Any CPU.ActiveCfg = Release|Any CPU
		{CF100524-BA89-41A3-9E05-10A3643090CA}.Release|Any CPU.Build.0 = Release|Any CPU
	EndGlobalSection
	GlobalSection(SolutionProperties) = preSolution
		HideSolutionNode = FALSE
	EndGlobalSection
	GlobalSection(ExtensibilityGlobals) = postSolution
		SolutionGuid = {93931FFD-D5AE-4E45-925E-839542693D77}
	EndGlobalSection
EndGlobal
