
Microsoft Visual Studio Solution File, Format Version 12.00
# Visual Studio Version 16
VisualStudioVersion = 16.0.30804.86
MinimumVisualStudioVersion = 10.0.40219.1
Project("{FAE04EC0-301F-11D3-BF4B-00C04F79EFBC}") = "temp", "temp\temp.csproj", "{B0AAF5C7-D2F3-413D-B454-5B9A19D1F9EC}"
EndProject
Global
	GlobalSection(SolutionConfigurationPlatforms) = preSolution
		Debug|Any CPU = Debug|Any CPU
		Release|Any CPU = Release|Any CPU
	EndGlobalSection
	GlobalSection(ProjectConfigurationPlatforms) = postSolution
		{B0AAF5C7-D2F3-413D-B454-5B9A19D1F9EC}.Debug|Any CPU.ActiveCfg = Debug|Any CPU
		{B0AAF5C7-D2F3-413D-B454-5B9A19D1F9EC}.Debug|Any CPU.Build.0 = Debug|Any CPU
		{B0AAF5C7-D2F3-413D-B454-5B9A19D1F9EC}.Release|Any CPU.ActiveCfg = Release|Any CPU
		{B0AAF5C7-D2F3-413D-B454-5B9A19D1F9EC}.Release|Any CPU.Build.0 = Release|Any CPU
	EndGlobalSection
	GlobalSection(SolutionProperties) = preSolution
		HideSolutionNode = FALSE
	EndGlobalSection
	GlobalSection(ExtensibilityGlobals) = postSolution
		SolutionGuid = {46AA8CC6-37B7-4D7B-B6D0-A238EF8A9EF3}
	EndGlobalSection
EndGlobal
