
Microsoft Visual Studio Solution File, Format Version 12.00
# Visual Studio Version 16
VisualStudioVersion = 16.0.30804.86
MinimumVisualStudioVersion = 10.0.40219.1
Project("{FAE04EC0-301F-11D3-BF4B-00C04F79EFBC}") = "ZarAtmaOyunu", "ZarAtmaOyunu\ZarAtmaOyunu.csproj", "{788ED991-2BFD-4C15-8573-D0AFA011E330}"
EndProject
Global
	GlobalSection(SolutionConfigurationPlatforms) = preSolution
		Debug|Any CPU = Debug|Any CPU
		Release|Any CPU = Release|Any CPU
	EndGlobalSection
	GlobalSection(ProjectConfigurationPlatforms) = postSolution
		{788ED991-2BFD-4C15-8573-D0AFA011E330}.Debug|Any CPU.ActiveCfg = Debug|Any CPU
		{788ED991-2BFD-4C15-8573-D0AFA011E330}.Debug|Any CPU.Build.0 = Debug|Any CPU
		{788ED991-2BFD-4C15-8573-D0AFA011E330}.Release|Any CPU.ActiveCfg = Release|Any CPU
		{788ED991-2BFD-4C15-8573-D0AFA011E330}.Release|Any CPU.Build.0 = Release|Any CPU
	EndGlobalSection
	GlobalSection(SolutionProperties) = preSolution
		HideSolutionNode = FALSE
	EndGlobalSection
	GlobalSection(ExtensibilityGlobals) = postSolution
		SolutionGuid = {C54D1010-88AD-432E-8E72-1957A5B5459A}
	EndGlobalSection
EndGlobal
