
Microsoft Visual Studio Solution File, Format Version 12.00
# Visual Studio Version 16
VisualStudioVersion = 16.0.30804.86
MinimumVisualStudioVersion = 10.0.40219.1
Project("{FAE04EC0-301F-11D3-BF4B-00C04F79EFBC}") = "introFrontEnd", "introFrontEnd\introFrontEnd.csproj", "{50F6E30B-84A0-4CC9-B4AA-B0EAA25F8058}"
EndProject
Global
	GlobalSection(SolutionConfigurationPlatforms) = preSolution
		Debug|Any CPU = Debug|Any CPU
		Release|Any CPU = Release|Any CPU
	EndGlobalSection
	GlobalSection(ProjectConfigurationPlatforms) = postSolution
		{50F6E30B-84A0-4CC9-B4AA-B0EAA25F8058}.Debug|Any CPU.ActiveCfg = Debug|Any CPU
		{50F6E30B-84A0-4CC9-B4AA-B0EAA25F8058}.Debug|Any CPU.Build.0 = Debug|Any CPU
		{50F6E30B-84A0-4CC9-B4AA-B0EAA25F8058}.Release|Any CPU.ActiveCfg = Release|Any CPU
		{50F6E30B-84A0-4CC9-B4AA-B0EAA25F8058}.Release|Any CPU.Build.0 = Release|Any CPU
	EndGlobalSection
	GlobalSection(SolutionProperties) = preSolution
		HideSolutionNode = FALSE
	EndGlobalSection
	GlobalSection(ExtensibilityGlobals) = postSolution
		SolutionGuid = {FFC6EF37-6597-4890-B2A7-580EF4C6858C}
	EndGlobalSection
EndGlobal
