
Microsoft Visual Studio Solution File, Format Version 12.00
# Visual Studio Version 16
VisualStudioVersion = 16.0.30804.86
MinimumVisualStudioVersion = 10.0.40219.1
Project("{FAE04EC0-301F-11D3-BF4B-00C04F79EFBC}") = "Metotlar", "Metotlar\Metotlar.csproj", "{45571157-EBF6-41FF-AC4A-791B8863B984}"
EndProject
Global
	GlobalSection(SolutionConfigurationPlatforms) = preSolution
		Debug|Any CPU = Debug|Any CPU
		Release|Any CPU = Release|Any CPU
	EndGlobalSection
	GlobalSection(ProjectConfigurationPlatforms) = postSolution
		{45571157-EBF6-41FF-AC4A-791B8863B984}.Debug|Any CPU.ActiveCfg = Debug|Any CPU
		{45571157-EBF6-41FF-AC4A-791B8863B984}.Debug|Any CPU.Build.0 = Debug|Any CPU
		{45571157-EBF6-41FF-AC4A-791B8863B984}.Release|Any CPU.ActiveCfg = Release|Any CPU
		{45571157-EBF6-41FF-AC4A-791B8863B984}.Release|Any CPU.Build.0 = Release|Any CPU
	EndGlobalSection
	GlobalSection(SolutionProperties) = preSolution
		HideSolutionNode = FALSE
	EndGlobalSection
	GlobalSection(ExtensibilityGlobals) = postSolution
		SolutionGuid = {0926ABBD-6EF2-44C6-8820-88A627C096EA}
	EndGlobalSection
EndGlobal
